
Microsoft Visual Studio Solution File, Format Version 12.00
# Visual Studio Version 17
VisualStudioVersion = 17.13.36105.23 d17.13
MinimumVisualStudioVersion = 10.0.40219.1
Project("{FAE04EC0-301F-11D3-BF4B-00C04F79EFBC}") = "P41_C_Sharp", "P41_C_Sharp\P41_C_Sharp.csproj", "{152488F7-5857-4013-BAEE-C3670914680D}"
EndProject
Global
	GlobalSection(SolutionConfigurationPlatforms) = preSolution
		Debug|Any CPU = Debug|Any CPU
		Release|Any CPU = Release|Any CPU
	EndGlobalSection
	GlobalSection(ProjectConfigurationPlatforms) = postSolution
		{152488F7-5857-4013-BAEE-C3670914680D}.Debug|Any CPU.ActiveCfg = Debug|Any CPU
		{152488F7-5857-4013-BAEE-C3670914680D}.Debug|Any CPU.Build.0 = Debug|Any CPU
		{152488F7-5857-4013-BAEE-C3670914680D}.Release|Any CPU.ActiveCfg = Release|Any CPU
		{152488F7-5857-4013-BAEE-C3670914680D}.Release|Any CPU.Build.0 = Release|Any CPU
	EndGlobalSection
	GlobalSection(SolutionProperties) = preSolution
		HideSolutionNode = FALSE
	EndGlobalSection
	GlobalSection(ExtensibilityGlobals) = postSolution
		SolutionGuid = {842071E5-2743-4653-B47D-76F8C1037BEA}
	EndGlobalSection
EndGlobal
